
Microsoft Visual Studio Solution File, Format Version 12.00
# Visual Studio 15
VisualStudioVersion = 15.0.28307.329
MinimumVisualStudioVersion = 10.0.40219.1
Project("{FAE04EC0-301F-11D3-BF4B-00C04F79EFBC}") = "Paint.Object", "Paint.Object\Paint.Object.csproj", "{72FB6F9C-588B-4B8D-8963-F702730FF609}"
EndProject
Project("{FAE04EC0-301F-11D3-BF4B-00C04F79EFBC}") = "Paint.App", "Paint.App\Paint.App.csproj", "{AE355374-0837-4477-BD60-CF9A2564A800}"
EndProject
Global
	GlobalSection(SolutionConfigurationPlatforms) = preSolution
		Debug|Any CPU = Debug|Any CPU
		Release|Any CPU = Release|Any CPU
	EndGlobalSection
	GlobalSection(ProjectConfigurationPlatforms) = postSolution
		{72FB6F9C-588B-4B8D-8963-F702730FF609}.Debug|Any CPU.ActiveCfg = Debug|Any CPU
		{72FB6F9C-588B-4B8D-8963-F702730FF609}.Debug|Any CPU.Build.0 = Debug|Any CPU
		{72FB6F9C-588B-4B8D-8963-F702730FF609}.Release|Any CPU.ActiveCfg = Release|Any CPU
		{72FB6F9C-588B-4B8D-8963-F702730FF609}.Release|Any CPU.Build.0 = Release|Any CPU
		{AE355374-0837-4477-BD60-CF9A2564A800}.Debug|Any CPU.ActiveCfg = Debug|Any CPU
		{AE355374-0837-4477-BD60-CF9A2564A800}.Debug|Any CPU.Build.0 = Debug|Any CPU
		{AE355374-0837-4477-BD60-CF9A2564A800}.Release|Any CPU.ActiveCfg = Release|Any CPU
		{AE355374-0837-4477-BD60-CF9A2564A800}.Release|Any CPU.Build.0 = Release|Any CPU
	EndGlobalSection
	GlobalSection(SolutionProperties) = preSolution
		HideSolutionNode = FALSE
	EndGlobalSection
	GlobalSection(ExtensibilityGlobals) = postSolution
		SolutionGuid = {C3E2854E-8BEC-40B3-A2F1-DC3B0FFD80E8}
	EndGlobalSection
EndGlobal
